// !$*UTF8*$!
{
	archiveVersion = 1;
	classes = {
	};
	objectVersion = 46;
	objects = {

/* Begin PBXBuildFile section */
		ECD87CA61D36C55A00895BD9 /* AppDelegate.swift in Sources */ = {isa = PBXBuildFile; fileRef = ECD87CA51D36C55A00895BD9 /* AppDelegate.swift */; };
		ECD87CA81D36C55A00895BD9 /* ViewController.swift in Sources */ = {isa = PBXBuildFile; fileRef = ECD87CA71D36C55A00895BD9 /* ViewController.swift */; };
		ECD87CAB1D36C55A00895BD9 /* Main.storyboard in Resources */ = {isa = PBXBuildFile; fileRef = ECD87CA91D36C55A00895BD9 /* Main.storyboard */; };
		ECD87CAD1D36C55A00895BD9 /* Assets.xcassets in Resources */ = {isa = PBXBuildFile; fileRef = ECD87CAC1D36C55A00895BD9 /* Assets.xcassets */; };
		ECD87CB01D36C55A00895BD9 /* LaunchScreen.storyboard in Resources */ = {isa = PBXBuildFile; fileRef = ECD87CAE1D36C55A00895BD9 /* LaunchScreen.storyboard */; };
		ECD87CB91D36C63800895BD9 /* FBSDKCoreKit.framework in Frameworks */ = {isa = PBXBuildFile; fileRef = ECD87CB71D36C63800895BD9 /* FBSDKCoreKit.framework */; };
		ECD87CBA1D36C63800895BD9 /* FBSDKLoginKit.framework in Frameworks */ = {isa = PBXBuildFile; fileRef = ECD87CB81D36C63800895BD9 /* FBSDKLoginKit.framework */; };
/* End PBXBuildFile section */

/* Begin PBXFileReference section */
		ECD87CA21D36C55A00895BD9 /* FB_Login_Test.app */ = {isa = PBXFileReference; explicitFileType = wrapper.application; includeInIndex = 0; path = FB_Login_Test.app; sourceTree = BUILT_PRODUCTS_DIR; };
		ECD87CA51D36C55A00895BD9 /* AppDelegate.swift */ = {isa = PBXFileReference; lastKnownFileType = sourcecode.swift; path = AppDelegate.swift; sourceTree = "<group>"; };
		ECD87CA71D36C55A00895BD9 /* ViewController.swift */ = {isa = PBXFileReference; lastKnownFileType = sourcecode.swift; path = ViewController.swift; sourceTree = "<group>"; };
		ECD87CAA1D36C55A00895BD9 /* Base */ = {isa = PBXFileReference; lastKnownFileType = file.storyboard; name = Base; path = Base.lproj/Main.storyboard; sourceTree = "<group>"; };
		ECD87CAC1D36C55A00895BD9 /* Assets.xcassets */ = {isa = PBXFileReference; lastKnownFileType = folder.assetcatalog; path = Assets.xcassets; sourceTree = "<group>"; };
		ECD87CAF1D36C55A00895BD9 /* Base */ = {isa = PBXFileReference; lastKnownFileType = file.storyboard; name = Base; path = Base.lproj/LaunchScreen.storyboard; sourceTree = "<group>"; };
		ECD87CB11D36C55A00895BD9 /* Info.plist */ = {isa = PBXFileReference; lastKnownFileType = text.plist.xml; path = Info.plist; sourceTree = "<group>"; };
		ECD87CB71D36C63800895BD9 /* FBSDKCoreKit.framework */ = {isa = PBXFileReference; lastKnownFileType = wrapper.framework; path = FBSDKCoreKit.framework; sourceTree = "<group>"; };
		ECD87CB81D36C63800895BD9 /* FBSDKLoginKit.framework */ = {isa = PBXFileReference; lastKnownFileType = wrapper.framework; path = FBSDKLoginKit.framework; sourceTree = "<group>"; };
		ECD87CBB1D36C87600895BD9 /* FB_Login_Test-Bridging-Header.h */ = {isa = PBXFileReference; lastKnownFileType = sourcecode.c.h; path = "FB_Login_Test-Bridging-Header.h"; sourceTree = "<group>"; };
/* End PBXFileReference section */

/* Begin PBXFrameworksBuildPhase section */
		ECD87C9F1D36C55A00895BD9 /* Frameworks */ = {
			isa = PBXFrameworksBuildPhase;
			buildActionMask = 2147483647;
			files = (
				ECD87CBA1D36C63800895BD9 /* FBSDKLoginKit.framework in Frameworks */,
				ECD87CB91D36C63800895BD9 /* FBSDKCoreKit.framework in Frameworks */,
			);
			runOnlyForDeploymentPostprocessing = 0;
		};
/* End PBXFrameworksBuildPhase section */

/* Begin PBXGroup section */
		ECD87C991D36C55A00895BD9 = {
			isa = PBXGroup;
			children = (
				ECD87CA41D36C55A00895BD9 /* FB_Login_Test */,
				ECD87CA31D36C55A00895BD9 /* Products */,
			);
			sourceTree = "<group>";
		};
		ECD87CA31D36C55A00895BD9 /* Products */ = {
			isa = PBXGroup;
			children = (
				ECD87CA21D36C55A00895BD9 /* FB_Login_Test.app */,
			);
			name = Products;
			sourceTree = "<group>";
		};
		ECD87CA41D36C55A00895BD9 /* FB_Login_Test */ = {
			isa = PBXGroup;
			children = (
				ECD87CA51D36C55A00895BD9 /* AppDelegate.swift */,
				ECD87CA71D36C55A00895BD9 /* ViewController.swift */,
				ECD87CA91D36C55A00895BD9 /* Main.storyboard */,
				ECD87CAC1D36C55A00895BD9 /* Assets.xcassets */,
				ECD87CAE1D36C55A00895BD9 /* LaunchScreen.storyboard */,
				ECD87CB11D36C55A00895BD9 /* Info.plist */,
				ECD87CB71D36C63800895BD9 /* FBSDKCoreKit.framework */,
				ECD87CB81D36C63800895BD9 /* FBSDKLoginKit.framework */,
				ECD87CBB1D36C87600895BD9 /* FB_Login_Test-Bridging-Header.h */,
			);
			path = FB_Login_Test;
			sourceTree = "<group>";
		};
/* End PBXGroup section */

/* Begin PBXNativeTarget section */
		ECD87CA11D36C55A00895BD9 /* FB_Login_Test */ = {
			isa = PBXNativeTarget;
			buildConfigurationList = ECD87CB41D36C55A00895BD9 /* Build configuration list for PBXNativeTarget "FB_Login_Test" */;
			buildPhases = (
				ECD87C9E1D36C55A00895BD9 /* Sources */,
				ECD87C9F1D36C55A00895BD9 /* Frameworks */,
				ECD87CA01D36C55A00895BD9 /* Resources */,
			);
			buildRules = (
			);
			dependencies = (
			);
			name = FB_Login_Test;
			productName = FB_Login_Test;
			productReference = ECD87CA21D36C55A00895BD9 /* FB_Login_Test.app */;
			productType = "com.apple.product-type.application";
		};
/* End PBXNativeTarget section */

/* Begin PBXProject section */
		ECD87C9A1D36C55A00895BD9 /* Project object */ = {
			isa = PBXProject;
			attributes = {
				LastSwiftUpdateCheck = 0730;
				LastUpgradeCheck = 0730;
				ORGANIZATIONNAME = Fernando;
				TargetAttributes = {
					ECD87CA11D36C55A00895BD9 = {
						CreatedOnToolsVersion = 7.3.1;
						DevelopmentTeam = ZXBK6BD56X;
					};
				};
			};
			buildConfigurationList = ECD87C9D1D36C55A00895BD9 /* Build configuration list for PBXProject "FB_Login_Test" */;
			compatibilityVersion = "Xcode 3.2";
			developmentRegion = English;
			hasScannedForEncodings = 0;
			knownRegions = (
				en,
				Base,
			);
			mainGroup = ECD87C991D36C55A00895BD9;
			productRefGroup = ECD87CA31D36C55A00895BD9 /* Products */;
			projectDirPath = "";
			projectRoot = "";
			targets = (
				ECD87CA11D36C55A00895BD9 /* FB_Login_Test */,
			);
		};
/* End PBXProject section */

/* Begin PBXResourcesBuildPhase section */
		ECD87CA01D36C55A00895BD9 /* Resources */ = {
			isa = PBXResourcesBuildPhase;
			buildActionMask = 2147483647;
			files = (
				ECD87CB01D36C55A00895BD9 /* LaunchScreen.storyboard in Resources */,
				ECD87CAD1D36C55A00895BD9 /* Assets.xcassets in Resources */,
				ECD87CAB1D36C55A00895BD9 /* Main.storyboard in Resources */,
			);
			runOnlyForDeploymentPostprocessing = 0;
		};
/* End PBXResourcesBuildPhase section */

/* Begin PBXSourcesBuildPhase section */
		ECD87C9E1D36C55A00895BD9 /* Sources */ = {
			isa = PBXSourcesBuildPhase;
			buildActionMask = 2147483647;
			files = (
				ECD87CA81D36C55A00895BD9 /* ViewController.swift in Sources */,
				ECD87CA61D36C55A00895BD9 /* AppDelegate.swift in Sources */,
			);
			runOnlyForDeploymentPostprocessing = 0;
		};
/* End PBXSourcesBuildPhase section */

/* Begin PBXVariantGroup section */
		ECD87CA91D36C55A00895BD9 /* Main.storyboard */ = {
			isa = PBXVariantGroup;
			children = (
				ECD87CAA1D36C55A00895BD9 /* Base */,
			);
			name = Main.storyboard;
			sourceTree = "<group>";
		};
		ECD87CAE1D36C55A00895BD9 /* LaunchScreen.storyboard */ = {
			isa = PBXVariantGroup;
			children = (
				ECD87CAF1D36C55A00895BD9 /* Base */,
			);
			name = LaunchScreen.storyboard;
			sourceTree = "<group>";
		};
/* End PBXVariantGroup section */

/* Begin XCBuildConfiguration section */
		ECD87CB21D36C55A00895BD9 /* Debug */ = {
			isa = XCBuildConfiguration;
			buildSettings = {
				ALWAYS_SEARCH_USER_PATHS = NO;
				CLANG_ANALYZER_NONNULL = YES;
				CLANG_CXX_LANGUAGE_STANDARD = "gnu++0x";
				CLANG_CXX_LIBRARY = "libc++";
				CLANG_ENABLE_MODULES = YES;
				CLANG_ENABLE_OBJC_ARC = YES;
				CLANG_WARN_BOOL_CONVERSION = YES;
				CLANG_WARN_CONSTANT_CONVERSION = YES;
				CLANG_WARN_DIRECT_OBJC_ISA_USAGE = YES_ERROR;
				CLANG_WARN_EMPTY_BODY = YES;
				CLANG_WARN_ENUM_CONVERSION = YES;
				CLANG_WARN_INT_CONVERSION = YES;
				CLANG_WARN_OBJC_ROOT_CLASS = YES_ERROR;
				CLANG_WARN_UNREACHABLE_CODE = YES;
				CLANG_WARN__DUPLICATE_METHOD_MATCH = YES;
				"CODE_SIGN_IDENTITY[sdk=iphoneos*]" = "iPhone Developer";
				COPY_PHASE_STRIP = NO;
				DEBUG_INFORMATION_FORMAT = dwarf;
				ENABLE_STRICT_OBJC_MSGSEND = YES;
				ENABLE_TESTABILITY = YES;
				GCC_C_LANGUAGE_STANDARD = gnu99;
				GCC_DYNAMIC_NO_PIC = NO;
				GCC_NO_COMMON_BLOCKS = YES;
				GCC_OPTIMIZATION_LEVEL = 0;
				GCC_PREPROCESSOR_DEFINITIONS = (
					"DEBUG=1",
					"$(inherited)",
				);
				GCC_WARN_64_TO_32_BIT_CONVERSION = YES;
				GCC_WARN_ABOUT_RETURN_TYPE = YES_ERROR;
				GCC_WARN_UNDECLARED_SELECTOR = YES;
				GCC_WARN_UNINITIALIZED_AUTOS = YES_AGGRESSIVE;
				GCC_WARN_UNUSED_FUNCTION = YES;
				GCC_WARN_UNUSED_VARIABLE = YES;
				IPHONEOS_DEPLOYMENT_TARGET = 9.3;
				MTL_ENABLE_DEBUG_INFO = YES;
				ONLY_ACTIVE_ARCH = YES;
				SDKROOT = iphoneos;
				SWIFT_OPTIMIZATION_LEVEL = "-Onone";
			};
			name = Debug;
		};
		ECD87CB31D36C55A00895BD9 /* Release */ = {
			isa = XCBuildConfiguration;
			buildSettings = {
				ALWAYS_SEARCH_USER_PATHS = NO;
				CLANG_ANALYZER_NONNULL = YES;
				CLANG_CXX_LANGUAGE_STANDARD = "gnu++0x";
				CLANG_CXX_LIBRARY = "libc++";
				CLANG_ENABLE_MODULES = YES;
				CLANG_ENABLE_OBJC_ARC = YES;
				CLANG_WARN_BOOL_CONVERSION = YES;
				CLANG_WARN_CONSTANT_CONVERSION = YES;
				CLANG_WARN_DIRECT_OBJC_ISA_USAGE = YES_ERROR;
				CLANG_WARN_EMPTY_BODY = YES;
				CLANG_WARN_ENUM_CONVERSION = YES;
				CLANG_WARN_INT_CONVERSION = YES;
				CLANG_WARN_OBJC_ROOT_CLASS = YES_ERROR;
				CLANG_WARN_UNREACHABLE_CODE = YES;
				CLANG_WARN__DUPLICATE_METHOD_MATCH = YES;
				"CODE_SIGN_IDENTITY[sdk=iphoneos*]" = "iPhone Developer";
				COPY_PHASE_STRIP = NO;
				DEBUG_INFORMATION_FORMAT = "dwarf-with-dsym";
				ENABLE_NS_ASSERTIONS = NO;
				ENABLE_STRICT_OBJC_MSGSEND = YES;
				GCC_C_LANGUAGE_STANDARD = gnu99;
				GCC_NO_COMMON_BLOCKS = YES;
				GCC_WARN_64_TO_32_BIT_CONVERSION = YES;
				GCC_WARN_ABOUT_RETURN_TYPE = YES_ERROR;
				GCC_WARN_UNDECLARED_SELECTOR = YES;
				GCC_WARN_UNINITIALIZED_AUTOS = YES_AGGRESSIVE;
				GCC_WARN_UNUSED_FUNCTION = YES;
				GCC_WARN_UNUSED_VARIABLE = YES;
				IPHONEOS_DEPLOYMENT_TARGET = 9.3;
				MTL_ENABLE_DEBUG_INFO = NO;
				SDKROOT = iphoneos;
				VALIDATE_PRODUCT = YES;
			};
			name = Release;
		};
		ECD87CB51D36C55A00895BD9 /* Debug */ = {
			isa = XCBuildConfiguration;
			buildSettings = {
				ASSETCATALOG_COMPILER_APPICON_NAME = AppIcon;
				CLANG_ENABLE_MODULES = YES;
				FRAMEWORK_SEARCH_PATHS = (
					"$(inherited)",
					"$(PROJECT_DIR)/FB_Login_Test",
				);
				INFOPLIST_FILE = FB_Login_Test/Info.plist;
				LD_RUNPATH_SEARCH_PATHS = "$(inherited) @executable_path/Frameworks";
				PRODUCT_BUNDLE_IDENTIFIER = "com.fernando.FB-Login-Test";
				PRODUCT_NAME = "$(TARGET_NAME)";
				SWIFT_OBJC_BRIDGING_HEADER = "FB_Login_Test/FB_Login_Test-Bridging-Header.h";
				SWIFT_OPTIMIZATION_LEVEL = "-Onone";
			};
			name = Debug;
		};
		ECD87CB61D36C55A00895BD9 /* Release */ = {
			isa = XCBuildConfiguration;
			buildSettings = {
				ASSETCATALOG_COMPILER_APPICON_NAME = AppIcon;
				CLANG_ENABLE_MODULES = YES;
				FRAMEWORK_SEARCH_PATHS = (
					"$(inherited)",
					"$(PROJECT_DIR)/FB_Login_Test",
				);
				INFOPLIST_FILE = FB_Login_Test/Info.plist;
				LD_RUNPATH_SEARCH_PATHS = "$(inherited) @executable_path/Frameworks";
				PRODUCT_BUNDLE_IDENTIFIER = "com.fernando.FB-Login-Test";
				PRODUCT_NAME = "$(TARGET_NAME)";
				SWIFT_OBJC_BRIDGING_HEADER = "FB_Login_Test/FB_Login_Test-Bridging-Header.h";
			};
			name = Release;
		};
/* End XCBuildConfiguration section */

/* Begin XCConfigurationList section */
		ECD87C9D1D36C55A00895BD9 /* Build configuration list for PBXProject "FB_Login_Test" */ = {
			isa = XCConfigurationList;
			buildConfigurations = (
				ECD87CB21D36C55A00895BD9 /* Debug */,
				ECD87CB31D36C55A00895BD9 /* Release */,
			);
			defaultConfigurationIsVisible = 0;
			defaultConfigurationName = Release;
		};
		ECD87CB41D36C55A00895BD9 /* Build configuration list for PBXNativeTarget "FB_Login_Test" */ = {
			isa = XCConfigurationList;
			buildConfigurations = (
				ECD87CB51D36C55A00895BD9 /* Debug */,
				ECD87CB61D36C55A00895BD9 /* Release */,
			);
			defaultConfigurationIsVisible = 0;
			defaultConfigurationName = Release;
		};
/* End XCConfigurationList section */
	};
	rootObject = ECD87C9A1D36C55A00895BD9 /* Project object */;
}
